
Microsoft Visual Studio Solution File, Format Version 12.00
# Visual Studio 2012
Project("{FAE04EC0-301F-11D3-BF4B-00C04F79EFBC}") = "WeakDelegateProject.NetFramework", "WeakDelegateProject.NetFramework\WeakDelegateProject.NetFramework.csproj", "{FDC3B499-6D40-41C9-8488-8EBC08306239}"
EndProject
Project("{FAE04EC0-301F-11D3-BF4B-00C04F79EFBC}") = "WeakDelegateProject.Silverlight", "WeakDelegateProject.Silverlight\WeakDelegateProject.Silverlight.csproj", "{86B4E373-578B-49D7-9347-C816B33E1D83}"
EndProject
Project("{FAE04EC0-301F-11D3-BF4B-00C04F79EFBC}") = "WeakDelegateProject.Test", "WeakDelegateProject.Test\WeakDelegateProject.Test.csproj", "{6A65807A-C1EA-4012-8852-CC0041EF3BCC}"
EndProject
Project("{2150E333-8FDC-42A3-9474-1A3956D46DE8}") = "Solution Items", "Solution Items", "{EDE2E0D0-D7C7-4EB8-9A61-B75B37453596}"
	ProjectSection(SolutionItems) = preProject
		CodeMap1.dgml = CodeMap1.dgml
	EndProjectSection
EndProject
Global
	GlobalSection(SolutionConfigurationPlatforms) = preSolution
		Debug|Any CPU = Debug|Any CPU
		Release|Any CPU = Release|Any CPU
	EndGlobalSection
	GlobalSection(ProjectConfigurationPlatforms) = postSolution
		{FDC3B499-6D40-41C9-8488-8EBC08306239}.Debug|Any CPU.ActiveCfg = Debug|Any CPU
		{FDC3B499-6D40-41C9-8488-8EBC08306239}.Debug|Any CPU.Build.0 = Debug|Any CPU
		{FDC3B499-6D40-41C9-8488-8EBC08306239}.Release|Any CPU.ActiveCfg = Release|Any CPU
		{FDC3B499-6D40-41C9-8488-8EBC08306239}.Release|Any CPU.Build.0 = Release|Any CPU
		{86B4E373-578B-49D7-9347-C816B33E1D83}.Debug|Any CPU.ActiveCfg = Debug|Any CPU
		{86B4E373-578B-49D7-9347-C816B33E1D83}.Debug|Any CPU.Build.0 = Debug|Any CPU
		{86B4E373-578B-49D7-9347-C816B33E1D83}.Release|Any CPU.ActiveCfg = Release|Any CPU
		{86B4E373-578B-49D7-9347-C816B33E1D83}.Release|Any CPU.Build.0 = Release|Any CPU
		{6A65807A-C1EA-4012-8852-CC0041EF3BCC}.Debug|Any CPU.ActiveCfg = Debug|Any CPU
		{6A65807A-C1EA-4012-8852-CC0041EF3BCC}.Debug|Any CPU.Build.0 = Debug|Any CPU
		{6A65807A-C1EA-4012-8852-CC0041EF3BCC}.Release|Any CPU.ActiveCfg = Release|Any CPU
		{6A65807A-C1EA-4012-8852-CC0041EF3BCC}.Release|Any CPU.Build.0 = Release|Any CPU
	EndGlobalSection
	GlobalSection(SolutionProperties) = preSolution
		HideSolutionNode = FALSE
	EndGlobalSection
EndGlobal
